// !$*UTF8*$!
{
	archiveVersion = 1;
	classes = {
	};
	objectVersion = 46;
	objects = {

/* Begin PBXBuildFile section */
		0A5661BF1DD1F76D00DFC101 /* main.c in Sources */ = {isa = PBXBuildFile; fileRef = 0A5661BE1DD1F76D00DFC101 /* main.c */; };
/* End PBXBuildFile section */

/* Begin PBXCopyFilesBuildPhase section */
		0A5661B91DD1F76D00DFC101 /* CopyFiles */ = {
			isa = PBXCopyFilesBuildPhase;
			buildActionMask = 2147483647;
			dstPath = /usr/share/man/man1/;
			dstSubfolderSpec = 0;
			files = (
			);
			runOnlyForDeploymentPostprocessing = 1;
		};
/* End PBXCopyFilesBuildPhase section */

/* Begin PBXFileReference section */
		0A5661BB1DD1F76D00DFC101 /* RUNNINGMEDIAN */ = {isa = PBXFileReference; explicitFileType = "compiled.mach-o.executable"; includeInIndex = 0; path = RUNNINGMEDIAN; sourceTree = BUILT_PRODUCTS_DIR; };
		0A5661BE1DD1F76D00DFC101 /* main.c */ = {isa = PBXFileReference; lastKnownFileType = sourcecode.c.c; path = main.c; sourceTree = "<group>"; };
		0A5661C51DD1F78B00DFC101 /* input.txt */ = {isa = PBXFileReference; fileEncoding = 4; lastKnownFileType = text; path = input.txt; sourceTree = "<group>"; };
/* End PBXFileReference section */

/* Begin PBXFrameworksBuildPhase section */
		0A5661B81DD1F76D00DFC101 /* Frameworks */ = {
			isa = PBXFrameworksBuildPhase;
			buildActionMask = 2147483647;
			files = (
			);
			runOnlyForDeploymentPostprocessing = 0;
		};
/* End PBXFrameworksBuildPhase section */

/* Begin PBXGroup section */
		0A5661B21DD1F76D00DFC101 = {
			isa = PBXGroup;
			children = (
				0A5661BD1DD1F76D00DFC101 /* RUNNINGMEDIAN */,
				0A5661BC1DD1F76D00DFC101 /* Products */,
			);
			sourceTree = "<group>";
		};
		0A5661BC1DD1F76D00DFC101 /* Products */ = {
			isa = PBXGroup;
			children = (
				0A5661BB1DD1F76D00DFC101 /* RUNNINGMEDIAN */,
			);
			name = Products;
			sourceTree = "<group>";
		};
		0A5661BD1DD1F76D00DFC101 /* RUNNINGMEDIAN */ = {
			isa = PBXGroup;
			children = (
				0A5661BE1DD1F76D00DFC101 /* main.c */,
				0A5661C51DD1F78B00DFC101 /* input.txt */,
			);
			path = RUNNINGMEDIAN;
			sourceTree = "<group>";
		};
/* End PBXGroup section */

/* Begin PBXNativeTarget section */
		0A5661BA1DD1F76D00DFC101 /* RUNNINGMEDIAN */ = {
			isa = PBXNativeTarget;
			buildConfigurationList = 0A5661C21DD1F76D00DFC101 /* Build configuration list for PBXNativeTarget "RUNNINGMEDIAN" */;
			buildPhases = (
				0A5661B71DD1F76D00DFC101 /* Sources */,
				0A5661B81DD1F76D00DFC101 /* Frameworks */,
				0A5661B91DD1F76D00DFC101 /* CopyFiles */,
			);
			buildRules = (
			);
			dependencies = (
			);
			name = RUNNINGMEDIAN;
			productName = RUNNINGMEDIAN;
			productReference = 0A5661BB1DD1F76D00DFC101 /* RUNNINGMEDIAN */;
			productType = "com.apple.product-type.tool";
		};
/* End PBXNativeTarget section */

/* Begin PBXProject section */
		0A5661B31DD1F76D00DFC101 /* Project object */ = {
			isa = PBXProject;
			attributes = {
				LastUpgradeCheck = 0800;
				ORGANIZATIONNAME = K;
				TargetAttributes = {
					0A5661BA1DD1F76D00DFC101 = {
						CreatedOnToolsVersion = 8.0;
						ProvisioningStyle = Automatic;
					};
				};
			};
			buildConfigurationList = 0A5661B61DD1F76D00DFC101 /* Build configuration list for PBXProject "RUNNINGMEDIAN" */;
			compatibilityVersion = "Xcode 3.2";
			developmentRegion = English;
			hasScannedForEncodings = 0;
			knownRegions = (
				en,
			);
			mainGroup = 0A5661B21DD1F76D00DFC101;
			productRefGroup = 0A5661BC1DD1F76D00DFC101 /* Products */;
			projectDirPath = "";
			projectRoot = "";
			targets = (
				0A5661BA1DD1F76D00DFC101 /* RUNNINGMEDIAN */,
			);
		};
/* End PBXProject section */

/* Begin PBXSourcesBuildPhase section */
		0A5661B71DD1F76D00DFC101 /* Sources */ = {
			isa = PBXSourcesBuildPhase;
			buildActionMask = 2147483647;
			files = (
				0A5661BF1DD1F76D00DFC101 /* main.c in Sources */,
			);
			runOnlyForDeploymentPostprocessing = 0;
		};
/* End PBXSourcesBuildPhase section */

/* Begin XCBuildConfiguration section */
		0A5661C01DD1F76D00DFC101 /* Debug */ = {
			isa = XCBuildConfiguration;
			buildSettings = {
				ALWAYS_SEARCH_USER_PATHS = NO;
				CLANG_ANALYZER_NONNULL = YES;
				CLANG_CXX_LANGUAGE_STANDARD = "gnu++0x";
				CLANG_CXX_LIBRARY = "libc++";
				CLANG_ENABLE_MODULES = YES;
				CLANG_ENABLE_OBJC_ARC = YES;
				CLANG_WARN_BOOL_CONVERSION = YES;
				CLANG_WARN_CONSTANT_CONVERSION = YES;
				CLANG_WARN_DIRECT_OBJC_ISA_USAGE = YES_ERROR;
				CLANG_WARN_DOCUMENTATION_COMMENTS = YES;
				CLANG_WARN_EMPTY_BODY = YES;
				CLANG_WARN_ENUM_CONVERSION = YES;
				CLANG_WARN_INFINITE_RECURSION = YES;
				CLANG_WARN_INT_CONVERSION = YES;
				CLANG_WARN_OBJC_ROOT_CLASS = YES_ERROR;
				CLANG_WARN_SUSPICIOUS_MOVES = YES;
				CLANG_WARN_UNREACHABLE_CODE = YES;
				CLANG_WARN__DUPLICATE_METHOD_MATCH = YES;
				CODE_SIGN_IDENTITY = "-";
				COPY_PHASE_STRIP = NO;
				DEBUG_INFORMATION_FORMAT = dwarf;
				ENABLE_STRICT_OBJC_MSGSEND = YES;
				ENABLE_TESTABILITY = YES;
				GCC_C_LANGUAGE_STANDARD = gnu99;
				GCC_DYNAMIC_NO_PIC = NO;
				GCC_NO_COMMON_BLOCKS = YES;
				GCC_OPTIMIZATION_LEVEL = 0;
				GCC_PREPROCESSOR_DEFINITIONS = (
					"DEBUG=1",
					"$(inherited)",
				);
				GCC_WARN_64_TO_32_BIT_CONVERSION = YES;
				GCC_WARN_ABOUT_RETURN_TYPE = YES_ERROR;
				GCC_WARN_UNDECLARED_SELECTOR = YES;
				GCC_WARN_UNINITIALIZED_AUTOS = YES_AGGRESSIVE;
				GCC_WARN_UNUSED_FUNCTION = YES;
				GCC_WARN_UNUSED_VARIABLE = YES;
				MACOSX_DEPLOYMENT_TARGET = 10.12;
				MTL_ENABLE_DEBUG_INFO = YES;
				ONLY_ACTIVE_ARCH = YES;
				SDKROOT = macosx;
			};
			name = Debug;
		};
		0A5661C11DD1F76D00DFC101 /* Release */ = {
			isa = XCBuildConfiguration;
			buildSettings = {
				ALWAYS_SEARCH_USER_PATHS = NO;
				CLANG_ANALYZER_NONNULL = YES;
				CLANG_CXX_LANGUAGE_STANDARD = "gnu++0x";
				CLANG_CXX_LIBRARY = "libc++";
				CLANG_ENABLE_MODULES = YES;
				CLANG_ENABLE_OBJC_ARC = YES;
				CLANG_WARN_BOOL_CONVERSION = YES;
				CLANG_WARN_CONSTANT_CONVERSION = YES;
				CLANG_WARN_DIRECT_OBJC_ISA_USAGE = YES_ERROR;
				CLANG_WARN_DOCUMENTATION_COMMENTS = YES;
				CLANG_WARN_EMPTY_BODY = YES;
				CLANG_WARN_ENUM_CONVERSION = YES;
				CLANG_WARN_INFINITE_RECURSION = YES;
				CLANG_WARN_INT_CONVERSION = YES;
				CLANG_WARN_OBJC_ROOT_CLASS = YES_ERROR;
				CLANG_WARN_SUSPICIOUS_MOVES = YES;
				CLANG_WARN_UNREACHABLE_CODE = YES;
				CLANG_WARN__DUPLICATE_METHOD_MATCH = YES;
				CODE_SIGN_IDENTITY = "-";
				COPY_PHASE_STRIP = NO;
				DEBUG_INFORMATION_FORMAT = "dwarf-with-dsym";
				ENABLE_NS_ASSERTIONS = NO;
				ENABLE_STRICT_OBJC_MSGSEND = YES;
				GCC_C_LANGUAGE_STANDARD = gnu99;
				GCC_NO_COMMON_BLOCKS = YES;
				GCC_WARN_64_TO_32_BIT_CONVERSION = YES;
				GCC_WARN_ABOUT_RETURN_TYPE = YES_ERROR;
				GCC_WARN_UNDECLARED_SELECTOR = YES;
				GCC_WARN_UNINITIALIZED_AUTOS = YES_AGGRESSIVE;
				GCC_WARN_UNUSED_FUNCTION = YES;
				GCC_WARN_UNUSED_VARIABLE = YES;
				MACOSX_DEPLOYMENT_TARGET = 10.12;
				MTL_ENABLE_DEBUG_INFO = NO;
				SDKROOT = macosx;
			};
			name = Release;
		};
		0A5661C31DD1F76D00DFC101 /* Debug */ = {
			isa = XCBuildConfiguration;
			buildSettings = {
				PRODUCT_NAME = "$(TARGET_NAME)";
			};
			name = Debug;
		};
		0A5661C41DD1F76D00DFC101 /* Release */ = {
			isa = XCBuildConfiguration;
			buildSettings = {
				PRODUCT_NAME = "$(TARGET_NAME)";
			};
			name = Release;
		};
/* End XCBuildConfiguration section */

/* Begin XCConfigurationList section */
		0A5661B61DD1F76D00DFC101 /* Build configuration list for PBXProject "RUNNINGMEDIAN" */ = {
			isa = XCConfigurationList;
			buildConfigurations = (
				0A5661C01DD1F76D00DFC101 /* Debug */,
				0A5661C11DD1F76D00DFC101 /* Release */,
			);
			defaultConfigurationIsVisible = 0;
			defaultConfigurationName = Release;
		};
		0A5661C21DD1F76D00DFC101 /* Build configuration list for PBXNativeTarget "RUNNINGMEDIAN" */ = {
			isa = XCConfigurationList;
			buildConfigurations = (
				0A5661C31DD1F76D00DFC101 /* Debug */,
				0A5661C41DD1F76D00DFC101 /* Release */,
			);
			defaultConfigurationIsVisible = 0;
		};
/* End XCConfigurationList section */
	};
	rootObject = 0A5661B31DD1F76D00DFC101 /* Project object */;
}
